
Microsoft Visual Studio Solution File, Format Version 12.00
# Visual Studio 14
VisualStudioVersion = 14.0.23107.0
MinimumVisualStudioVersion = 10.0.40219.1
Project("{FAE04EC0-301F-11D3-BF4B-00C04F79EFBC}") = "NBDCostTrackingSystem", "WebApplication1\NBDCostTrackingSystem.csproj", "{C15ECE3B-B1B0-4911-9453-7BF16E3EA950}"
EndProject
Project("{2150E333-8FDC-42A3-9474-1A3956D46DE8}") = "Solution Items", "Solution Items", "{0E0F21D9-84BB-4991-B4AB-2F265219BAA4}"
	ProjectSection(SolutionItems) = preProject
		WebEssentials2015-Settings.json = WebEssentials2015-Settings.json
	EndProjectSection
EndProject
Global
	GlobalSection(SolutionConfigurationPlatforms) = preSolution
		Debug|Any CPU = Debug|Any CPU
		Release|Any CPU = Release|Any CPU
	EndGlobalSection
	GlobalSection(ProjectConfigurationPlatforms) = postSolution
		{C15ECE3B-B1B0-4911-9453-7BF16E3EA950}.Debug|Any CPU.ActiveCfg = Debug|Any CPU
		{C15ECE3B-B1B0-4911-9453-7BF16E3EA950}.Debug|Any CPU.Build.0 = Debug|Any CPU
		{C15ECE3B-B1B0-4911-9453-7BF16E3EA950}.Release|Any CPU.ActiveCfg = Release|Any CPU
		{C15ECE3B-B1B0-4911-9453-7BF16E3EA950}.Release|Any CPU.Build.0 = Release|Any CPU
	EndGlobalSection
	GlobalSection(SolutionProperties) = preSolution
		HideSolutionNode = FALSE
	EndGlobalSection
EndGlobal
